
Microsoft Visual Studio Solution File, Format Version 12.00
# Visual Studio Version 16
VisualStudioVersion = 16.0.30503.244
MinimumVisualStudioVersion = 10.0.40219.1
Project("{FAE04EC0-301F-11D3-BF4B-00C04F79EFBC}") = "FizzBuzz", "BibliotecaDeClase\FizzBuzz.csproj", "{04A49720-DE1C-4BA2-856C-279A362F5CF9}"
EndProject
Project("{FAE04EC0-301F-11D3-BF4B-00C04F79EFBC}") = "TestFizzBuzz", "TestFizzBuzz\TestFizzBuzz.csproj", "{F28AAA03-6F82-4DC9-8540-8B43628A1969}"
EndProject
Global
	GlobalSection(SolutionConfigurationPlatforms) = preSolution
		Debug|Any CPU = Debug|Any CPU
		Release|Any CPU = Release|Any CPU
	EndGlobalSection
	GlobalSection(ProjectConfigurationPlatforms) = postSolution
		{04A49720-DE1C-4BA2-856C-279A362F5CF9}.Debug|Any CPU.ActiveCfg = Debug|Any CPU
		{04A49720-DE1C-4BA2-856C-279A362F5CF9}.Debug|Any CPU.Build.0 = Debug|Any CPU
		{04A49720-DE1C-4BA2-856C-279A362F5CF9}.Release|Any CPU.ActiveCfg = Release|Any CPU
		{04A49720-DE1C-4BA2-856C-279A362F5CF9}.Release|Any CPU.Build.0 = Release|Any CPU
		{F28AAA03-6F82-4DC9-8540-8B43628A1969}.Debug|Any CPU.ActiveCfg = Debug|Any CPU
		{F28AAA03-6F82-4DC9-8540-8B43628A1969}.Debug|Any CPU.Build.0 = Debug|Any CPU
		{F28AAA03-6F82-4DC9-8540-8B43628A1969}.Release|Any CPU.ActiveCfg = Release|Any CPU
		{F28AAA03-6F82-4DC9-8540-8B43628A1969}.Release|Any CPU.Build.0 = Release|Any CPU
	EndGlobalSection
	GlobalSection(SolutionProperties) = preSolution
		HideSolutionNode = FALSE
	EndGlobalSection
	GlobalSection(ExtensibilityGlobals) = postSolution
		SolutionGuid = {D3347CC3-A7BA-4B74-9CD1-DFD396155CF5}
	EndGlobalSection
EndGlobal
